
Microsoft Visual Studio Solution File, Format Version 12.00
# Visual Studio 15
VisualStudioVersion = 15.0.28307.329
MinimumVisualStudioVersion = 10.0.40219.1
Project("{8BC9CEB8-8B4A-11D0-8D11-00A0C91BC942}") = "HTMLDecode", "HTMLDecode\HTMLDecode.vcxproj", "{8DE31DE6-80C8-4E32-A8F6-E3AD41807102}"
EndProject
Project("{8BC9CEB8-8B4A-11D0-8D11-00A0C91BC942}") = "tests", "tests\tests.vcxproj", "{706BF130-A098-4EF7-9892-42A223825243}"
EndProject
Global
	GlobalSection(SolutionConfigurationPlatforms) = preSolution
		Debug|x64 = Debug|x64
		Debug|x86 = Debug|x86
		Release|x64 = Release|x64
		Release|x86 = Release|x86
	EndGlobalSection
	GlobalSection(ProjectConfigurationPlatforms) = postSolution
		{8DE31DE6-80C8-4E32-A8F6-E3AD41807102}.Debug|x64.ActiveCfg = Debug|x64
		{8DE31DE6-80C8-4E32-A8F6-E3AD41807102}.Debug|x64.Build.0 = Debug|x64
		{8DE31DE6-80C8-4E32-A8F6-E3AD41807102}.Debug|x86.ActiveCfg = Debug|Win32
		{8DE31DE6-80C8-4E32-A8F6-E3AD41807102}.Debug|x86.Build.0 = Debug|Win32
		{8DE31DE6-80C8-4E32-A8F6-E3AD41807102}.Release|x64.ActiveCfg = Release|x64
		{8DE31DE6-80C8-4E32-A8F6-E3AD41807102}.Release|x64.Build.0 = Release|x64
		{8DE31DE6-80C8-4E32-A8F6-E3AD41807102}.Release|x86.ActiveCfg = Release|Win32
		{8DE31DE6-80C8-4E32-A8F6-E3AD41807102}.Release|x86.Build.0 = Release|Win32
		{706BF130-A098-4EF7-9892-42A223825243}.Debug|x64.ActiveCfg = Debug|x64
		{706BF130-A098-4EF7-9892-42A223825243}.Debug|x64.Build.0 = Debug|x64
		{706BF130-A098-4EF7-9892-42A223825243}.Debug|x86.ActiveCfg = Debug|Win32
		{706BF130-A098-4EF7-9892-42A223825243}.Debug|x86.Build.0 = Debug|Win32
		{706BF130-A098-4EF7-9892-42A223825243}.Release|x64.ActiveCfg = Release|x64
		{706BF130-A098-4EF7-9892-42A223825243}.Release|x64.Build.0 = Release|x64
		{706BF130-A098-4EF7-9892-42A223825243}.Release|x86.ActiveCfg = Release|Win32
		{706BF130-A098-4EF7-9892-42A223825243}.Release|x86.Build.0 = Release|Win32
	EndGlobalSection
	GlobalSection(SolutionProperties) = preSolution
		HideSolutionNode = FALSE
	EndGlobalSection
	GlobalSection(ExtensibilityGlobals) = postSolution
		SolutionGuid = {18F22B48-F66E-45BB-834F-896177391268}
	EndGlobalSection
EndGlobal
